
Microsoft Visual Studio Solution File, Format Version 12.00
# Visual Studio 2013
VisualStudioVersion = 12.0.31101.0
MinimumVisualStudioVersion = 10.0.40219.1
Project("{2150E333-8FDC-42A3-9474-1A3956D46DE8}") = ".nuget", ".nuget", "{49FA5A8A-1CFD-4CD5-A8CE-2851E6AEED93}"
	ProjectSection(SolutionItems) = preProject
		.nuget\NuGet.Config = .nuget\NuGet.Config
		.nuget\NuGet.exe = .nuget\NuGet.exe
		.nuget\NuGet.targets = .nuget\NuGet.targets
	EndProjectSection
EndProject
Project("{FAE04EC0-301F-11D3-BF4B-00C04F79EFBC}") = "Web", "Web\src\Web.csproj", "{7F635BC5-7F8C-43B9-9164-6BC66AE1C1BE}"
EndProject
Global
	GlobalSection(SolutionConfigurationPlatforms) = preSolution
		Debug|Any CPU = Debug|Any CPU
		Release|Any CPU = Release|Any CPU
	EndGlobalSection
	GlobalSection(ProjectConfigurationPlatforms) = postSolution
		{7F635BC5-7F8C-43B9-9164-6BC66AE1C1BE}.Debug|Any CPU.ActiveCfg = Debug|Any CPU
		{7F635BC5-7F8C-43B9-9164-6BC66AE1C1BE}.Debug|Any CPU.Build.0 = Debug|Any CPU
		{7F635BC5-7F8C-43B9-9164-6BC66AE1C1BE}.Release|Any CPU.ActiveCfg = Release|Any CPU
		{7F635BC5-7F8C-43B9-9164-6BC66AE1C1BE}.Release|Any CPU.Build.0 = Release|Any CPU
	EndGlobalSection
	GlobalSection(SolutionProperties) = preSolution
		HideSolutionNode = FALSE
	EndGlobalSection
EndGlobal
